// !$*UTF8*$!
{
	archiveVersion = 1;
	classes = {
	};
	objectVersion = 46;
	objects = {

/* Begin PBXBuildFile section */
		041B0B0E1896A2200061A3E2 /* Foundation.framework in Frameworks */ = {isa = PBXBuildFile; fileRef = 041B0B0D1896A2200061A3E2 /* Foundation.framework */; };
		041B0B101896A2200061A3E2 /* CoreGraphics.framework in Frameworks */ = {isa = PBXBuildFile; fileRef = 041B0B0F1896A2200061A3E2 /* CoreGraphics.framework */; };
		041B0B121896A2200061A3E2 /* UIKit.framework in Frameworks */ = {isa = PBXBuildFile; fileRef = 041B0B111896A2200061A3E2 /* UIKit.framework */; };
		041B0B181896A2200061A3E2 /* InfoPlist.strings in Resources */ = {isa = PBXBuildFile; fileRef = 041B0B161896A2200061A3E2 /* InfoPlist.strings */; };
		041B0B1A1896A2200061A3E2 /* main.m in Sources */ = {isa = PBXBuildFile; fileRef = 041B0B191896A2200061A3E2 /* main.m */; };
		041B0B211896A2200061A3E2 /* Main_iPhone.storyboard in Resources */ = {isa = PBXBuildFile; fileRef = 041B0B1F1896A2200061A3E2 /* Main_iPhone.storyboard */; };
		041B0B261896A2200061A3E2 /* Images.xcassets in Resources */ = {isa = PBXBuildFile; fileRef = 041B0B251896A2200061A3E2 /* Images.xcassets */; };
		041B0B481896A7E70061A3E2 /* QMAWelcomeVC.m in Sources */ = {isa = PBXBuildFile; fileRef = 041B0B471896A7E70061A3E2 /* QMAWelcomeVC.m */; };
		25019E1318CA1C800019C311 /* libz.dylib in Frameworks */ = {isa = PBXBuildFile; fileRef = 25019E1218CA1C800019C311 /* libz.dylib */; };
		25019E1518CA1C8A0019C311 /* libxml2.dylib in Frameworks */ = {isa = PBXBuildFile; fileRef = 25019E1418CA1C8A0019C311 /* libxml2.dylib */; };
		25019E1718CA1C9E0019C311 /* QuartzCore.framework in Frameworks */ = {isa = PBXBuildFile; fileRef = 25019E1618CA1C9E0019C311 /* QuartzCore.framework */; };
		25019E1918CA1CA90019C311 /* CFNetwork.framework in Frameworks */ = {isa = PBXBuildFile; fileRef = 25019E1818CA1CA90019C311 /* CFNetwork.framework */; };
		25019E1B18CA1CB40019C311 /* AudioToolbox.framework in Frameworks */ = {isa = PBXBuildFile; fileRef = 25019E1A18CA1CB40019C311 /* AudioToolbox.framework */; };
		25019E1D18CA1CC00019C311 /* AVFoundation.framework in Frameworks */ = {isa = PBXBuildFile; fileRef = 25019E1C18CA1CC00019C311 /* AVFoundation.framework */; };
		25019E1F18CA1CCA0019C311 /* Security.framework in Frameworks */ = {isa = PBXBuildFile; fileRef = 25019E1E18CA1CCA0019C311 /* Security.framework */; };
		25019E2118CA1CD50019C311 /* CoreMedia.framework in Frameworks */ = {isa = PBXBuildFile; fileRef = 25019E2018CA1CD50019C311 /* CoreMedia.framework */; };
		25019E2318CA1CE10019C311 /* CoreLocation.framework in Frameworks */ = {isa = PBXBuildFile; fileRef = 25019E2218CA1CE10019C311 /* CoreLocation.framework */; };
		25019E2518CA1CED0019C311 /* CoreMotion.framework in Frameworks */ = {isa = PBXBuildFile; fileRef = 25019E2418CA1CED0019C311 /* CoreMotion.framework */; };
		25019E2718CA1CF80019C311 /* CoreVideo.framework in Frameworks */ = {isa = PBXBuildFile; fileRef = 25019E2618CA1CF80019C311 /* CoreVideo.framework */; };
		250AD0E118D0EF1D0072D718 /* metaioSDK.framework in Frameworks */ = {isa = PBXBuildFile; fileRef = 250AD0E018D0EF1D0072D718 /* metaioSDK.framework */; };
		250AD0E618D0F9FE0072D718 /* EAGLView.mm in Sources */ = {isa = PBXBuildFile; fileRef = 250AD0E318D0F9FE0072D718 /* EAGLView.mm */; settings = {COMPILER_FLAGS = "-fno-objc-arc"; }; };
		250AD0E718D0F9FE0072D718 /* MetaioSDKViewController.mm in Sources */ = {isa = PBXBuildFile; fileRef = 250AD0E518D0F9FE0072D718 /* MetaioSDKViewController.mm */; settings = {COMPILER_FLAGS = "-fno-objc-arc"; }; };
		250AD0ED18D0FDA60072D718 /* QMACyclopsVC.mm in Sources */ = {isa = PBXBuildFile; fileRef = 250AD0EC18D0FDA60072D718 /* QMACyclopsVC.mm */; };
		250AD0EF18D0FDC60072D718 /* QMAAppDelegate.mm in Sources */ = {isa = PBXBuildFile; fileRef = 250AD0EE18D0FDC60072D718 /* QMAAppDelegate.mm */; };
		250D9459192EA8C00034BB78 /* QMATarget.m in Sources */ = {isa = PBXBuildFile; fileRef = 250D9458192EA8C00034BB78 /* QMATarget.m */; };
		250D945C192EA8D30034BB78 /* QMAPoi.m in Sources */ = {isa = PBXBuildFile; fileRef = 250D945B192EA8D30034BB78 /* QMAPoi.m */; };
		250D945F192EA9490034BB78 /* QMATarget+Create.m in Sources */ = {isa = PBXBuildFile; fileRef = 250D945E192EA9490034BB78 /* QMATarget+Create.m */; };
		250D9462192EA9630034BB78 /* QMAPoi+Create.m in Sources */ = {isa = PBXBuildFile; fileRef = 250D9461192EA9630034BB78 /* QMAPoi+Create.m */; };
		250D9465192EABCC0034BB78 /* SharedManagedDocument.m in Sources */ = {isa = PBXBuildFile; fileRef = 250D9464192EABCC0034BB78 /* SharedManagedDocument.m */; };
		250D9467192EAC630034BB78 /* CoreData.framework in Frameworks */ = {isa = PBXBuildFile; fileRef = 250D9466192EAC630034BB78 /* CoreData.framework */; };
		250D946D192EAE9F0034BB78 /* QMACoreDataTBVC.m in Sources */ = {isa = PBXBuildFile; fileRef = 250D946C192EAE9F0034BB78 /* QMACoreDataTBVC.m */; };
		250D9470192EAF470034BB78 /* QMAPoiTBVC.m in Sources */ = {isa = PBXBuildFile; fileRef = 250D946F192EAF470034BB78 /* QMAPoiTBVC.m */; };
		251293FC192EA5A0002585A3 /* QMA.xcdatamodeld in Sources */ = {isa = PBXBuildFile; fileRef = 251293FA192EA5A0002585A3 /* QMA.xcdatamodeld */; };
		251CC03D18E72B7C002FDA84 /* Assets in Resources */ = {isa = PBXBuildFile; fileRef = 251CC03C18E72B7C002FDA84 /* Assets */; };
		251CC03F18E72F56002FDA84 /* EventKit.framework in Frameworks */ = {isa = PBXBuildFile; fileRef = 251CC03E18E72F56002FDA84 /* EventKit.framework */; };
		251CC04118E72F7D002FDA84 /* MediaPlayer.framework in Frameworks */ = {isa = PBXBuildFile; fileRef = 251CC04018E72F7D002FDA84 /* MediaPlayer.framework */; };
		25229207193E307900928717 /* poi_audio_1.mp3 in Resources */ = {isa = PBXBuildFile; fileRef = 25229205193E307900928717 /* poi_audio_1.mp3 */; };
		25229208193E307900928717 /* poi_audio_2.mp3 in Resources */ = {isa = PBXBuildFile; fileRef = 25229206193E307900928717 /* poi_audio_2.mp3 */; };
		2528280E192FAFBC00969CC6 /* DatabasePreLoadData.plist in Resources */ = {isa = PBXBuildFile; fileRef = 2528280D192FAFBC00969CC6 /* DatabasePreLoadData.plist */; };
		252C1A11195394E500F76849 /* QMAWebViewController.m in Sources */ = {isa = PBXBuildFile; fileRef = 252C1A10195394E500F76849 /* QMAWebViewController.m */; };
		2549B394194FD8780047F278 /* html in Resources */ = {isa = PBXBuildFile; fileRef = 2549B393194FD8780047F278 /* html */; };
		2551089F192E4B3E00208C35 /* QMAOnSiteVC.m in Sources */ = {isa = PBXBuildFile; fileRef = 2551089E192E4B3E00208C35 /* QMAOnSiteVC.m */; };
		2576601C19398094003CB15C /* QMAPoiTableViewCell.m in Sources */ = {isa = PBXBuildFile; fileRef = 2576601B19398094003CB15C /* QMAPoiTableViewCell.m */; };
		25766020193984F2003CB15C /* UIColor+QMARGB.m in Sources */ = {isa = PBXBuildFile; fileRef = 2576601F193984F2003CB15C /* UIColor+QMARGB.m */; };
		2576602419398CB7003CB15C /* QMAPoiDisplayVC.m in Sources */ = {isa = PBXBuildFile; fileRef = 2576602319398CB7003CB15C /* QMAPoiDisplayVC.m */; };
		25B85982193E42C500F201F1 /* DACircularProgressView.m in Sources */ = {isa = PBXBuildFile; fileRef = 25B8597F193E42C500F201F1 /* DACircularProgressView.m */; };
		25B8598F193E7AD900F201F1 /* Accelerate.framework in Frameworks */ = {isa = PBXBuildFile; fileRef = 25B8598E193E7AD900F201F1 /* Accelerate.framework */; };
		25B85993193E925D00F201F1 /* UIImage+ImageEffects.m in Sources */ = {isa = PBXBuildFile; fileRef = 25B85992193E925D00F201F1 /* UIImage+ImageEffects.m */; };
		25D23F16193D585100A9BCD5 /* QMAPoiVC.m in Sources */ = {isa = PBXBuildFile; fileRef = 25D23F15193D585100A9BCD5 /* QMAPoiVC.m */; };
		25EEEDCF193F4D4800F9727F /* QMAGalleryVC.m in Sources */ = {isa = PBXBuildFile; fileRef = 25EEEDCE193F4D4800F9727F /* QMAGalleryVC.m */; };
		25EEEDD5193F585200F9727F /* QMAGalleryItem.m in Sources */ = {isa = PBXBuildFile; fileRef = 25EEEDD4193F585200F9727F /* QMAGalleryItem.m */; };
		25EEEDD8193F593E00F9727F /* QMAGalleryItem+Create.m in Sources */ = {isa = PBXBuildFile; fileRef = 25EEEDD7193F593E00F9727F /* QMAGalleryItem+Create.m */; };
		25EEEDDB193F955800F9727F /* QMAFactsVC.m in Sources */ = {isa = PBXBuildFile; fileRef = 25EEEDDA193F955800F9727F /* QMAFactsVC.m */; };
		25EEEDDE193F9A8F00F9727F /* QMAAboutVC.m in Sources */ = {isa = PBXBuildFile; fileRef = 25EEEDDD193F9A8F00F9727F /* QMAAboutVC.m */; };
		25EEEDE61940F17300F9727F /* QMAMenuTBVC.m in Sources */ = {isa = PBXBuildFile; fileRef = 25EEEDE51940F17300F9727F /* QMAMenuTBVC.m */; };
/* End PBXBuildFile section */

/* Begin PBXFileReference section */
		041B0B0A1896A2200061A3E2 /* QMA-AR.app */ = {isa = PBXFileReference; explicitFileType = wrapper.application; includeInIndex = 0; path = "QMA-AR.app"; sourceTree = BUILT_PRODUCTS_DIR; };
		041B0B0D1896A2200061A3E2 /* Foundation.framework */ = {isa = PBXFileReference; lastKnownFileType = wrapper.framework; name = Foundation.framework; path = System/Library/Frameworks/Foundation.framework; sourceTree = SDKROOT; };
		041B0B0F1896A2200061A3E2 /* CoreGraphics.framework */ = {isa = PBXFileReference; lastKnownFileType = wrapper.framework; name = CoreGraphics.framework; path = System/Library/Frameworks/CoreGraphics.framework; sourceTree = SDKROOT; };
		041B0B111896A2200061A3E2 /* UIKit.framework */ = {isa = PBXFileReference; lastKnownFileType = wrapper.framework; name = UIKit.framework; path = System/Library/Frameworks/UIKit.framework; sourceTree = SDKROOT; };
		041B0B151896A2200061A3E2 /* QMA-AR-Info.plist */ = {isa = PBXFileReference; lastKnownFileType = text.plist.xml; path = "QMA-AR-Info.plist"; sourceTree = "<group>"; };
		041B0B171896A2200061A3E2 /* en */ = {isa = PBXFileReference; lastKnownFileType = text.plist.strings; name = en; path = en.lproj/InfoPlist.strings; sourceTree = "<group>"; };
		041B0B191896A2200061A3E2 /* main.m */ = {isa = PBXFileReference; lastKnownFileType = sourcecode.c.objc; path = main.m; sourceTree = "<group>"; };
		041B0B1B1896A2200061A3E2 /* QMA-AR-Prefix.pch */ = {isa = PBXFileReference; lastKnownFileType = sourcecode.c.h; path = "QMA-AR-Prefix.pch"; sourceTree = "<group>"; };
		041B0B1C1896A2200061A3E2 /* QMAAppDelegate.h */ = {isa = PBXFileReference; lastKnownFileType = sourcecode.c.h; path = QMAAppDelegate.h; sourceTree = "<group>"; };
		041B0B201896A2200061A3E2 /* Base */ = {isa = PBXFileReference; lastKnownFileType = file.storyboard; name = Base; path = Base.lproj/Main_iPhone.storyboard; sourceTree = "<group>"; };
		041B0B251896A2200061A3E2 /* Images.xcassets */ = {isa = PBXFileReference; lastKnownFileType = folder.assetcatalog; path = Images.xcassets; sourceTree = "<group>"; };
		041B0B2C1896A2200061A3E2 /* XCTest.framework */ = {isa = PBXFileReference; lastKnownFileType = wrapper.framework; name = XCTest.framework; path = Library/Frameworks/XCTest.framework; sourceTree = DEVELOPER_DIR; };
		041B0B461896A7E70061A3E2 /* QMAWelcomeVC.h */ = {isa = PBXFileReference; fileEncoding = 4; lastKnownFileType = sourcecode.c.h; name = QMAWelcomeVC.h; path = _Code/QMAWelcomeVC.h; sourceTree = "<group>"; };
		041B0B471896A7E70061A3E2 /* QMAWelcomeVC.m */ = {isa = PBXFileReference; fileEncoding = 4; lastKnownFileType = sourcecode.c.objc; name = QMAWelcomeVC.m; path = _Code/QMAWelcomeVC.m; sourceTree = "<group>"; };
		25019E1218CA1C800019C311 /* libz.dylib */ = {isa = PBXFileReference; lastKnownFileType = "compiled.mach-o.dylib"; name = libz.dylib; path = usr/lib/libz.dylib; sourceTree = SDKROOT; };
		25019E1418CA1C8A0019C311 /* libxml2.dylib */ = {isa = PBXFileReference; lastKnownFileType = "compiled.mach-o.dylib"; name = libxml2.dylib; path = usr/lib/libxml2.dylib; sourceTree = SDKROOT; };
		25019E1618CA1C9E0019C311 /* QuartzCore.framework */ = {isa = PBXFileReference; lastKnownFileType = wrapper.framework; name = QuartzCore.framework; path = System/Library/Frameworks/QuartzCore.framework; sourceTree = SDKROOT; };
		25019E1818CA1CA90019C311 /* CFNetwork.framework */ = {isa = PBXFileReference; lastKnownFileType = wrapper.framework; name = CFNetwork.framework; path = System/Library/Frameworks/CFNetwork.framework; sourceTree = SDKROOT; };
		25019E1A18CA1CB40019C311 /* AudioToolbox.framework */ = {isa = PBXFileReference; lastKnownFileType = wrapper.framework; name = AudioToolbox.framework; path = System/Library/Frameworks/AudioToolbox.framework; sourceTree = SDKROOT; };
		25019E1C18CA1CC00019C311 /* AVFoundation.framework */ = {isa = PBXFileReference; lastKnownFileType = wrapper.framework; name = AVFoundation.framework; path = System/Library/Frameworks/AVFoundation.framework; sourceTree = SDKROOT; };
		25019E1E18CA1CCA0019C311 /* Security.framework */ = {isa = PBXFileReference; lastKnownFileType = wrapper.framework; name = Security.framework; path = System/Library/Frameworks/Security.framework; sourceTree = SDKROOT; };
		25019E2018CA1CD50019C311 /* CoreMedia.framework */ = {isa = PBXFileReference; lastKnownFileType = wrapper.framework; name = CoreMedia.framework; path = System/Library/Frameworks/CoreMedia.framework; sourceTree = SDKROOT; };
		25019E2218CA1CE10019C311 /* CoreLocation.framework */ = {isa = PBXFileReference; lastKnownFileType = wrapper.framework; name = CoreLocation.framework; path = System/Library/Frameworks/CoreLocation.framework; sourceTree = SDKROOT; };
		25019E2418CA1CED0019C311 /* CoreMotion.framework */ = {isa = PBXFileReference; lastKnownFileType = wrapper.framework; name = CoreMotion.framework; path = System/Library/Frameworks/CoreMotion.framework; sourceTree = SDKROOT; };
		25019E2618CA1CF80019C311 /* CoreVideo.framework */ = {isa = PBXFileReference; lastKnownFileType = wrapper.framework; name = CoreVideo.framework; path = System/Library/Frameworks/CoreVideo.framework; sourceTree = SDKROOT; };
		250AD0E018D0EF1D0072D718 /* metaioSDK.framework */ = {isa = PBXFileReference; lastKnownFileType = wrapper.framework; path = metaioSDK.framework; sourceTree = "<group>"; };
		250AD0E218D0F9FE0072D718 /* EAGLView.h */ = {isa = PBXFileReference; fileEncoding = 4; lastKnownFileType = sourcecode.c.h; name = EAGLView.h; path = _Code/ThirdParty/Metaio/EAGLView.h; sourceTree = "<group>"; };
		250AD0E318D0F9FE0072D718 /* EAGLView.mm */ = {isa = PBXFileReference; fileEncoding = 4; lastKnownFileType = sourcecode.cpp.objcpp; name = EAGLView.mm; path = _Code/ThirdParty/Metaio/EAGLView.mm; sourceTree = "<group>"; };
		250AD0E418D0F9FE0072D718 /* MetaioSDKViewController.h */ = {isa = PBXFileReference; fileEncoding = 4; lastKnownFileType = sourcecode.c.h; name = MetaioSDKViewController.h; path = _Code/ThirdParty/Metaio/MetaioSDKViewController.h; sourceTree = "<group>"; };
		250AD0E518D0F9FE0072D718 /* MetaioSDKViewController.mm */ = {isa = PBXFileReference; fileEncoding = 4; lastKnownFileType = sourcecode.cpp.objcpp; name = MetaioSDKViewController.mm; path = _Code/ThirdParty/Metaio/MetaioSDKViewController.mm; sourceTree = "<group>"; };
		250AD0E918D0FBCF0072D718 /* QMACyclopsVC.h */ = {isa = PBXFileReference; fileEncoding = 4; lastKnownFileType = sourcecode.c.h; name = QMACyclopsVC.h; path = _Code/QMACyclopsVC.h; sourceTree = "<group>"; };
		250AD0EC18D0FDA60072D718 /* QMACyclopsVC.mm */ = {isa = PBXFileReference; fileEncoding = 4; lastKnownFileType = sourcecode.cpp.objcpp; name = QMACyclopsVC.mm; path = _Code/QMACyclopsVC.mm; sourceTree = "<group>"; };
		250AD0EE18D0FDC60072D718 /* QMAAppDelegate.mm */ = {isa = PBXFileReference; fileEncoding = 4; lastKnownFileType = sourcecode.cpp.objcpp; path = QMAAppDelegate.mm; sourceTree = "<group>"; };
		250D9457192EA8C00034BB78 /* QMATarget.h */ = {isa = PBXFileReference; fileEncoding = 4; lastKnownFileType = sourcecode.c.h; name = QMATarget.h; path = _Code/Database/QMATarget.h; sourceTree = "<group>"; };
		250D9458192EA8C00034BB78 /* QMATarget.m */ = {isa = PBXFileReference; fileEncoding = 4; lastKnownFileType = sourcecode.c.objc; name = QMATarget.m; path = _Code/Database/QMATarget.m; sourceTree = "<group>"; };
		250D945A192EA8D30034BB78 /* QMAPoi.h */ = {isa = PBXFileReference; fileEncoding = 4; lastKnownFileType = sourcecode.c.h; name = QMAPoi.h; path = _Code/Database/QMAPoi.h; sourceTree = "<group>"; };
		250D945B192EA8D30034BB78 /* QMAPoi.m */ = {isa = PBXFileReference; fileEncoding = 4; lastKnownFileType = sourcecode.c.objc; name = QMAPoi.m; path = _Code/Database/QMAPoi.m; sourceTree = "<group>"; };
		250D945D192EA9490034BB78 /* QMATarget+Create.h */ = {isa = PBXFileReference; fileEncoding = 4; lastKnownFileType = sourcecode.c.h; name = "QMATarget+Create.h"; path = "_Code/Database/QMATarget+Create.h"; sourceTree = "<group>"; };
		250D945E192EA9490034BB78 /* QMATarget+Create.m */ = {isa = PBXFileReference; fileEncoding = 4; lastKnownFileType = sourcecode.c.objc; name = "QMATarget+Create.m"; path = "_Code/Database/QMATarget+Create.m"; sourceTree = "<group>"; };
		250D9460192EA9630034BB78 /* QMAPoi+Create.h */ = {isa = PBXFileReference; fileEncoding = 4; lastKnownFileType = sourcecode.c.h; name = "QMAPoi+Create.h"; path = "_Code/Database/QMAPoi+Create.h"; sourceTree = "<group>"; };
		250D9461192EA9630034BB78 /* QMAPoi+Create.m */ = {isa = PBXFileReference; fileEncoding = 4; lastKnownFileType = sourcecode.c.objc; name = "QMAPoi+Create.m"; path = "_Code/Database/QMAPoi+Create.m"; sourceTree = "<group>"; };
		250D9463192EABCC0034BB78 /* SharedManagedDocument.h */ = {isa = PBXFileReference; fileEncoding = 4; lastKnownFileType = sourcecode.c.h; name = SharedManagedDocument.h; path = _Code/Database/SharedManagedDocument.h; sourceTree = "<group>"; };
		250D9464192EABCC0034BB78 /* SharedManagedDocument.m */ = {isa = PBXFileReference; fileEncoding = 4; lastKnownFileType = sourcecode.c.objc; name = SharedManagedDocument.m; path = _Code/Database/SharedManagedDocument.m; sourceTree = "<group>"; };
		250D9466192EAC630034BB78 /* CoreData.framework */ = {isa = PBXFileReference; lastKnownFileType = wrapper.framework; name = CoreData.framework; path = System/Library/Frameworks/CoreData.framework; sourceTree = SDKROOT; };
		250D946B192EAE9F0034BB78 /* QMACoreDataTBVC.h */ = {isa = PBXFileReference; fileEncoding = 4; lastKnownFileType = sourcecode.c.h; name = QMACoreDataTBVC.h; path = _Code/QMACoreDataTBVC.h; sourceTree = "<group>"; };
		250D946C192EAE9F0034BB78 /* QMACoreDataTBVC.m */ = {isa = PBXFileReference; fileEncoding = 4; lastKnownFileType = sourcecode.c.objc; name = QMACoreDataTBVC.m; path = _Code/QMACoreDataTBVC.m; sourceTree = "<group>"; };
		250D946E192EAF470034BB78 /* QMAPoiTBVC.h */ = {isa = PBXFileReference; fileEncoding = 4; lastKnownFileType = sourcecode.c.h; name = QMAPoiTBVC.h; path = _Code/QMAPoiTBVC.h; sourceTree = "<group>"; };
		250D946F192EAF470034BB78 /* QMAPoiTBVC.m */ = {isa = PBXFileReference; fileEncoding = 4; lastKnownFileType = sourcecode.c.objc; name = QMAPoiTBVC.m; path = _Code/QMAPoiTBVC.m; sourceTree = "<group>"; };
		251293FB192EA5A0002585A3 /* QMA.xcdatamodel */ = {isa = PBXFileReference; lastKnownFileType = wrapper.xcdatamodel; path = QMA.xcdatamodel; sourceTree = "<group>"; };
		251CC03C18E72B7C002FDA84 /* Assets */ = {isa = PBXFileReference; lastKnownFileType = folder; path = Assets; sourceTree = "<group>"; };
		251CC03E18E72F56002FDA84 /* EventKit.framework */ = {isa = PBXFileReference; lastKnownFileType = wrapper.framework; name = EventKit.framework; path = System/Library/Frameworks/EventKit.framework; sourceTree = SDKROOT; };
		251CC04018E72F7D002FDA84 /* MediaPlayer.framework */ = {isa = PBXFileReference; lastKnownFileType = wrapper.framework; name = MediaPlayer.framework; path = System/Library/Frameworks/MediaPlayer.framework; sourceTree = SDKROOT; };
		25229205193E307900928717 /* poi_audio_1.mp3 */ = {isa = PBXFileReference; lastKnownFileType = audio.mp3; name = poi_audio_1.mp3; path = _Audio/poi_audio_1.mp3; sourceTree = "<group>"; };
		25229206193E307900928717 /* poi_audio_2.mp3 */ = {isa = PBXFileReference; lastKnownFileType = audio.mp3; name = poi_audio_2.mp3; path = _Audio/poi_audio_2.mp3; sourceTree = "<group>"; };
		2528280D192FAFBC00969CC6 /* DatabasePreLoadData.plist */ = {isa = PBXFileReference; fileEncoding = 4; lastKnownFileType = text.plist.xml; path = DatabasePreLoadData.plist; sourceTree = "<group>"; };
		252C1A0F195394E500F76849 /* QMAWebViewController.h */ = {isa = PBXFileReference; fileEncoding = 4; lastKnownFileType = sourcecode.c.h; name = QMAWebViewController.h; path = _Code/QMAWebViewController.h; sourceTree = "<group>"; };
		252C1A10195394E500F76849 /* QMAWebViewController.m */ = {isa = PBXFileReference; fileEncoding = 4; lastKnownFileType = sourcecode.c.objc; name = QMAWebViewController.m; path = _Code/QMAWebViewController.m; sourceTree = "<group>"; };
		2549B393194FD8780047F278 /* html */ = {isa = PBXFileReference; lastKnownFileType = folder; name = html; path = _HTML/html; sourceTree = "<group>"; };
		2551089D192E4B3E00208C35 /* QMAOnSiteVC.h */ = {isa = PBXFileReference; fileEncoding = 4; lastKnownFileType = sourcecode.c.h; name = QMAOnSiteVC.h; path = _Code/QMAOnSiteVC.h; sourceTree = "<group>"; };
		2551089E192E4B3E00208C35 /* QMAOnSiteVC.m */ = {isa = PBXFileReference; fileEncoding = 4; lastKnownFileType = sourcecode.c.objc; name = QMAOnSiteVC.m; path = _Code/QMAOnSiteVC.m; sourceTree = "<group>"; };
		2576601A19398093003CB15C /* QMAPoiTableViewCell.h */ = {isa = PBXFileReference; fileEncoding = 4; lastKnownFileType = sourcecode.c.h; name = QMAPoiTableViewCell.h; path = _Code/QMAPoiTableViewCell.h; sourceTree = "<group>"; };
		2576601B19398094003CB15C /* QMAPoiTableViewCell.m */ = {isa = PBXFileReference; fileEncoding = 4; lastKnownFileType = sourcecode.c.objc; name = QMAPoiTableViewCell.m; path = _Code/QMAPoiTableViewCell.m; sourceTree = "<group>"; };
		2576601E193984F2003CB15C /* UIColor+QMARGB.h */ = {isa = PBXFileReference; fileEncoding = 4; lastKnownFileType = sourcecode.c.h; name = "UIColor+QMARGB.h"; path = "_Code/UIColor+QMARGB.h"; sourceTree = "<group>"; };
		2576601F193984F2003CB15C /* UIColor+QMARGB.m */ = {isa = PBXFileReference; fileEncoding = 4; lastKnownFileType = sourcecode.c.objc; name = "UIColor+QMARGB.m"; path = "_Code/UIColor+QMARGB.m"; sourceTree = "<group>"; };
		2576602219398CB7003CB15C /* QMAPoiDisplayVC.h */ = {isa = PBXFileReference; fileEncoding = 4; lastKnownFileType = sourcecode.c.h; name = QMAPoiDisplayVC.h; path = _Code/QMAPoiDisplayVC.h; sourceTree = "<group>"; };
		2576602319398CB7003CB15C /* QMAPoiDisplayVC.m */ = {isa = PBXFileReference; fileEncoding = 4; lastKnownFileType = sourcecode.c.objc; name = QMAPoiDisplayVC.m; path = _Code/QMAPoiDisplayVC.m; sourceTree = "<group>"; };
		25B8597E193E42C500F201F1 /* DACircularProgressView.h */ = {isa = PBXFileReference; fileEncoding = 4; lastKnownFileType = sourcecode.c.h; name = DACircularProgressView.h; path = _Code/ThirdParty/DACircularProgress/DACircularProgressView.h; sourceTree = "<group>"; };
		25B8597F193E42C500F201F1 /* DACircularProgressView.m */ = {isa = PBXFileReference; fileEncoding = 4; lastKnownFileType = sourcecode.c.objc; name = DACircularProgressView.m; path = _Code/ThirdParty/DACircularProgress/DACircularProgressView.m; sourceTree = "<group>"; };
		25B8598E193E7AD900F201F1 /* Accelerate.framework */ = {isa = PBXFileReference; lastKnownFileType = wrapper.framework; name = Accelerate.framework; path = System/Library/Frameworks/Accelerate.framework; sourceTree = SDKROOT; };
		25B85991193E925D00F201F1 /* UIImage+ImageEffects.h */ = {isa = PBXFileReference; fileEncoding = 4; lastKnownFileType = sourcecode.c.h; name = "UIImage+ImageEffects.h"; path = "_Code/ThirdParty/Apple/UIImage+ImageEffects.h"; sourceTree = "<group>"; };
		25B85992193E925D00F201F1 /* UIImage+ImageEffects.m */ = {isa = PBXFileReference; fileEncoding = 4; lastKnownFileType = sourcecode.c.objc; name = "UIImage+ImageEffects.m"; path = "_Code/ThirdParty/Apple/UIImage+ImageEffects.m"; sourceTree = "<group>"; };
		25D23F14193D585100A9BCD5 /* QMAPoiVC.h */ = {isa = PBXFileReference; fileEncoding = 4; lastKnownFileType = sourcecode.c.h; name = QMAPoiVC.h; path = _Code/QMAPoiVC.h; sourceTree = "<group>"; };
		25D23F15193D585100A9BCD5 /* QMAPoiVC.m */ = {isa = PBXFileReference; fileEncoding = 4; lastKnownFileType = sourcecode.c.objc; name = QMAPoiVC.m; path = _Code/QMAPoiVC.m; sourceTree = "<group>"; };
		25EEEDCD193F4D4800F9727F /* QMAGalleryVC.h */ = {isa = PBXFileReference; fileEncoding = 4; lastKnownFileType = sourcecode.c.h; name = QMAGalleryVC.h; path = _Code/QMAGalleryVC.h; sourceTree = "<group>"; };
		25EEEDCE193F4D4800F9727F /* QMAGalleryVC.m */ = {isa = PBXFileReference; fileEncoding = 4; lastKnownFileType = sourcecode.c.objc; name = QMAGalleryVC.m; path = _Code/QMAGalleryVC.m; sourceTree = "<group>"; };
		25EEEDD3193F585200F9727F /* QMAGalleryItem.h */ = {isa = PBXFileReference; fileEncoding = 4; lastKnownFileType = sourcecode.c.h; name = QMAGalleryItem.h; path = _Code/Database/QMAGalleryItem.h; sourceTree = "<group>"; };
		25EEEDD4193F585200F9727F /* QMAGalleryItem.m */ = {isa = PBXFileReference; fileEncoding = 4; lastKnownFileType = sourcecode.c.objc; name = QMAGalleryItem.m; path = _Code/Database/QMAGalleryItem.m; sourceTree = "<group>"; };
		25EEEDD6193F593E00F9727F /* QMAGalleryItem+Create.h */ = {isa = PBXFileReference; fileEncoding = 4; lastKnownFileType = sourcecode.c.h; name = "QMAGalleryItem+Create.h"; path = "_Code/Database/QMAGalleryItem+Create.h"; sourceTree = "<group>"; };
		25EEEDD7193F593E00F9727F /* QMAGalleryItem+Create.m */ = {isa = PBXFileReference; fileEncoding = 4; lastKnownFileType = sourcecode.c.objc; name = "QMAGalleryItem+Create.m"; path = "_Code/Database/QMAGalleryItem+Create.m"; sourceTree = "<group>"; };
		25EEEDD9193F955800F9727F /* QMAFactsVC.h */ = {isa = PBXFileReference; fileEncoding = 4; lastKnownFileType = sourcecode.c.h; name = QMAFactsVC.h; path = _Code/QMAFactsVC.h; sourceTree = "<group>"; };
		25EEEDDA193F955800F9727F /* QMAFactsVC.m */ = {isa = PBXFileReference; fileEncoding = 4; lastKnownFileType = sourcecode.c.objc; name = QMAFactsVC.m; path = _Code/QMAFactsVC.m; sourceTree = "<group>"; };
		25EEEDDC193F9A8F00F9727F /* QMAAboutVC.h */ = {isa = PBXFileReference; fileEncoding = 4; lastKnownFileType = sourcecode.c.h; name = QMAAboutVC.h; path = _Code/QMAAboutVC.h; sourceTree = "<group>"; };
		25EEEDDD193F9A8F00F9727F /* QMAAboutVC.m */ = {isa = PBXFileReference; fileEncoding = 4; lastKnownFileType = sourcecode.c.objc; name = QMAAboutVC.m; path = _Code/QMAAboutVC.m; sourceTree = "<group>"; };
		25EEEDE41940F17300F9727F /* QMAMenuTBVC.h */ = {isa = PBXFileReference; fileEncoding = 4; lastKnownFileType = sourcecode.c.h; name = QMAMenuTBVC.h; path = _Code/QMAMenuTBVC.h; sourceTree = "<group>"; };
		25EEEDE51940F17300F9727F /* QMAMenuTBVC.m */ = {isa = PBXFileReference; fileEncoding = 4; lastKnownFileType = sourcecode.c.objc; name = QMAMenuTBVC.m; path = _Code/QMAMenuTBVC.m; sourceTree = "<group>"; };
/* End PBXFileReference section */

/* Begin PBXFrameworksBuildPhase section */
		041B0B071896A2200061A3E2 /* Frameworks */ = {
			isa = PBXFrameworksBuildPhase;
			buildActionMask = 2147483647;
			files = (
				25019E1518CA1C8A0019C311 /* libxml2.dylib in Frameworks */,
				25019E1318CA1C800019C311 /* libz.dylib in Frameworks */,
				25B8598F193E7AD900F201F1 /* Accelerate.framework in Frameworks */,
				25019E1B18CA1CB40019C311 /* AudioToolbox.framework in Frameworks */,
				25019E1D18CA1CC00019C311 /* AVFoundation.framework in Frameworks */,
				25019E1918CA1CA90019C311 /* CFNetwork.framework in Frameworks */,
				250D9467192EAC630034BB78 /* CoreData.framework in Frameworks */,
				041B0B101896A2200061A3E2 /* CoreGraphics.framework in Frameworks */,
				25019E2318CA1CE10019C311 /* CoreLocation.framework in Frameworks */,
				25019E2118CA1CD50019C311 /* CoreMedia.framework in Frameworks */,
				25019E2518CA1CED0019C311 /* CoreMotion.framework in Frameworks */,
				25019E2718CA1CF80019C311 /* CoreVideo.framework in Frameworks */,
				251CC03F18E72F56002FDA84 /* EventKit.framework in Frameworks */,
				041B0B0E1896A2200061A3E2 /* Foundation.framework in Frameworks */,
				251CC04118E72F7D002FDA84 /* MediaPlayer.framework in Frameworks */,
				250AD0E118D0EF1D0072D718 /* metaioSDK.framework in Frameworks */,
				25019E1F18CA1CCA0019C311 /* Security.framework in Frameworks */,
				25019E1718CA1C9E0019C311 /* QuartzCore.framework in Frameworks */,
				041B0B121896A2200061A3E2 /* UIKit.framework in Frameworks */,
			);
			runOnlyForDeploymentPostprocessing = 0;
		};
/* End PBXFrameworksBuildPhase section */

/* Begin PBXGroup section */
		041B0B011896A2200061A3E2 = {
			isa = PBXGroup;
			children = (
				041B0B131896A2200061A3E2 /* QMA-AR */,
				041B0B0C1896A2200061A3E2 /* Frameworks */,
				041B0B0B1896A2200061A3E2 /* Products */,
			);
			sourceTree = "<group>";
		};
		041B0B0B1896A2200061A3E2 /* Products */ = {
			isa = PBXGroup;
			children = (
				041B0B0A1896A2200061A3E2 /* QMA-AR.app */,
			);
			name = Products;
			sourceTree = "<group>";
		};
		041B0B0C1896A2200061A3E2 /* Frameworks */ = {
			isa = PBXGroup;
			children = (
				25019E1418CA1C8A0019C311 /* libxml2.dylib */,
				25019E1218CA1C800019C311 /* libz.dylib */,
				25B8598E193E7AD900F201F1 /* Accelerate.framework */,
				25019E1A18CA1CB40019C311 /* AudioToolbox.framework */,
				25019E1C18CA1CC00019C311 /* AVFoundation.framework */,
				25019E1818CA1CA90019C311 /* CFNetwork.framework */,
				250D9466192EAC630034BB78 /* CoreData.framework */,
				041B0B0F1896A2200061A3E2 /* CoreGraphics.framework */,
				25019E2218CA1CE10019C311 /* CoreLocation.framework */,
				25019E2018CA1CD50019C311 /* CoreMedia.framework */,
				25019E2418CA1CED0019C311 /* CoreMotion.framework */,
				25019E2618CA1CF80019C311 /* CoreVideo.framework */,
				251CC03E18E72F56002FDA84 /* EventKit.framework */,
				041B0B0D1896A2200061A3E2 /* Foundation.framework */,
				251CC04018E72F7D002FDA84 /* MediaPlayer.framework */,
				250AD0E018D0EF1D0072D718 /* metaioSDK.framework */,
				25019E1618CA1C9E0019C311 /* QuartzCore.framework */,
				25019E1E18CA1CCA0019C311 /* Security.framework */,
				041B0B111896A2200061A3E2 /* UIKit.framework */,
				041B0B2C1896A2200061A3E2 /* XCTest.framework */,
			);
			name = Frameworks;
			sourceTree = "<group>";
		};
		041B0B131896A2200061A3E2 /* QMA-AR */ = {
			isa = PBXGroup;
			children = (
				25DA481518D0E9CF00CF9CCF /* Model */,
				041B0B421896A3F30061A3E2 /* View */,
				041B0B441896A50D0061A3E2 /* Controller */,
				041B0B141896A2200061A3E2 /* Supporting Files */,
			);
			path = "QMA-AR";
			sourceTree = "<group>";
		};
		041B0B141896A2200061A3E2 /* Supporting Files */ = {
			isa = PBXGroup;
			children = (
				041B0B161896A2200061A3E2 /* InfoPlist.strings */,
				041B0B151896A2200061A3E2 /* QMA-AR-Info.plist */,
			);
			name = "Supporting Files";
			sourceTree = "<group>";
		};
		041B0B421896A3F30061A3E2 /* View */ = {
			isa = PBXGroup;
			children = (
				041B0B251896A2200061A3E2 /* Images.xcassets */,
				041B0B1F1896A2200061A3E2 /* Main_iPhone.storyboard */,
			);
			name = View;
			sourceTree = "<group>";
		};
		041B0B441896A50D0061A3E2 /* Controller */ = {
			isa = PBXGroup;
			children = (
				041B0B451896A57F0061A3E2 /* System */,
				2576601D193984C4003CB15C /* Categories */,
				255108A0192E833C00208C35 /* Third Party */,
				251293FD192EA742002585A3 /* Database */,
				041B0B461896A7E70061A3E2 /* QMAWelcomeVC.h */,
				041B0B471896A7E70061A3E2 /* QMAWelcomeVC.m */,
				25282804192EC3CD00969CC6 /* On Site */,
				2576602219398CB7003CB15C /* QMAPoiDisplayVC.h */,
				2576602319398CB7003CB15C /* QMAPoiDisplayVC.m */,
				25D23F14193D585100A9BCD5 /* QMAPoiVC.h */,
				25D23F15193D585100A9BCD5 /* QMAPoiVC.m */,
				25EEEDDC193F9A8F00F9727F /* QMAAboutVC.h */,
				25EEEDDD193F9A8F00F9727F /* QMAAboutVC.m */,
				25EEEDCD193F4D4800F9727F /* QMAGalleryVC.h */,
				25EEEDCE193F4D4800F9727F /* QMAGalleryVC.m */,
				25EEEDD9193F955800F9727F /* QMAFactsVC.h */,
				25EEEDDA193F955800F9727F /* QMAFactsVC.m */,
			);
			name = Controller;
			sourceTree = "<group>";
		};
		041B0B451896A57F0061A3E2 /* System */ = {
			isa = PBXGroup;
			children = (
				041B0B1B1896A2200061A3E2 /* QMA-AR-Prefix.pch */,
				041B0B191896A2200061A3E2 /* main.m */,
				041B0B1C1896A2200061A3E2 /* QMAAppDelegate.h */,
				250AD0EE18D0FDC60072D718 /* QMAAppDelegate.mm */,
			);
			name = System;
			sourceTree = "<group>";
		};
		250AD0E818D0FB9B0072D718 /* Metaio */ = {
			isa = PBXGroup;
			children = (
				250AD0E218D0F9FE0072D718 /* EAGLView.h */,
				250AD0E318D0F9FE0072D718 /* EAGLView.mm */,
				250AD0E418D0F9FE0072D718 /* MetaioSDKViewController.h */,
				250AD0E518D0F9FE0072D718 /* MetaioSDKViewController.mm */,
			);
			name = Metaio;
			sourceTree = "<group>";
		};
		251293FD192EA742002585A3 /* Database */ = {
			isa = PBXGroup;
			children = (
				250D9463192EABCC0034BB78 /* SharedManagedDocument.h */,
				250D9464192EABCC0034BB78 /* SharedManagedDocument.m */,
				250D9457192EA8C00034BB78 /* QMATarget.h */,
				250D9458192EA8C00034BB78 /* QMATarget.m */,
				250D945D192EA9490034BB78 /* QMATarget+Create.h */,
				250D945E192EA9490034BB78 /* QMATarget+Create.m */,
				250D945A192EA8D30034BB78 /* QMAPoi.h */,
				250D945B192EA8D30034BB78 /* QMAPoi.m */,
				250D9460192EA9630034BB78 /* QMAPoi+Create.h */,
				250D9461192EA9630034BB78 /* QMAPoi+Create.m */,
				25EEEDD3193F585200F9727F /* QMAGalleryItem.h */,
				25EEEDD4193F585200F9727F /* QMAGalleryItem.m */,
				25EEEDD6193F593E00F9727F /* QMAGalleryItem+Create.h */,
				25EEEDD7193F593E00F9727F /* QMAGalleryItem+Create.m */,
			);
			name = Database;
			sourceTree = "<group>";
		};
		252291FD193E2C0A00928717 /* Audio */ = {
			isa = PBXGroup;
			children = (
				25229205193E307900928717 /* poi_audio_1.mp3 */,
				25229206193E307900928717 /* poi_audio_2.mp3 */,
			);
			name = Audio;
			sourceTree = "<group>";
		};
		25282804192EC3CD00969CC6 /* On Site */ = {
			isa = PBXGroup;
			children = (
				2551089D192E4B3E00208C35 /* QMAOnSiteVC.h */,
				2551089E192E4B3E00208C35 /* QMAOnSiteVC.m */,
				2576602119398C7D003CB15C /* Panorama */,
			);
			name = "On Site";
			sourceTree = "<group>";
		};
		255108A0192E833C00208C35 /* Third Party */ = {
			isa = PBXGroup;
			children = (
				25B85990193E925100F201F1 /* Apple */,
				25B8597D193E428300F201F1 /* DACircularProgress */,
				250AD0E818D0FB9B0072D718 /* Metaio */,
			);
			name = "Third Party";
			sourceTree = "<group>";
		};
		2576601D193984C4003CB15C /* Categories */ = {
			isa = PBXGroup;
			children = (
				2576601E193984F2003CB15C /* UIColor+QMARGB.h */,
				2576601F193984F2003CB15C /* UIColor+QMARGB.m */,
			);
			name = Categories;
			sourceTree = "<group>";
		};
		2576602119398C7D003CB15C /* Panorama */ = {
			isa = PBXGroup;
			children = (
				250AD0E918D0FBCF0072D718 /* QMACyclopsVC.h */,
				250AD0EC18D0FDA60072D718 /* QMACyclopsVC.mm */,
				25EEEDE41940F17300F9727F /* QMAMenuTBVC.h */,
				25EEEDE51940F17300F9727F /* QMAMenuTBVC.m */,
				252C1A0F195394E500F76849 /* QMAWebViewController.h */,
				252C1A10195394E500F76849 /* QMAWebViewController.m */,
				2576602519398D1F003CB15C /* POI Table View */,
			);
			name = Panorama;
			sourceTree = "<group>";
		};
		2576602519398D1F003CB15C /* POI Table View */ = {
			isa = PBXGroup;
			children = (
				250D946B192EAE9F0034BB78 /* QMACoreDataTBVC.h */,
				250D946C192EAE9F0034BB78 /* QMACoreDataTBVC.m */,
				250D946E192EAF470034BB78 /* QMAPoiTBVC.h */,
				250D946F192EAF470034BB78 /* QMAPoiTBVC.m */,
				2576601A19398093003CB15C /* QMAPoiTableViewCell.h */,
				2576601B19398094003CB15C /* QMAPoiTableViewCell.m */,
			);
			name = "POI Table View";
			sourceTree = "<group>";
		};
		25B8597D193E428300F201F1 /* DACircularProgress */ = {
			isa = PBXGroup;
			children = (
				25B8597E193E42C500F201F1 /* DACircularProgressView.h */,
				25B8597F193E42C500F201F1 /* DACircularProgressView.m */,
			);
			name = DACircularProgress;
			sourceTree = "<group>";
		};
		25B85990193E925100F201F1 /* Apple */ = {
			isa = PBXGroup;
			children = (
				25B85991193E925D00F201F1 /* UIImage+ImageEffects.h */,
				25B85992193E925D00F201F1 /* UIImage+ImageEffects.m */,
			);
			name = Apple;
			sourceTree = "<group>";
		};
		25DA481518D0E9CF00CF9CCF /* Model */ = {
			isa = PBXGroup;
			children = (
				251CC03C18E72B7C002FDA84 /* Assets */,
				2549B393194FD8780047F278 /* html */,
				252291FD193E2C0A00928717 /* Audio */,
				2528280D192FAFBC00969CC6 /* DatabasePreLoadData.plist */,
				251293FA192EA5A0002585A3 /* QMA.xcdatamodeld */,
			);
			name = Model;
			sourceTree = "<group>";
		};
/* End PBXGroup section */

/* Begin PBXNativeTarget section */
		041B0B091896A2200061A3E2 /* QMA-AR */ = {
			isa = PBXNativeTarget;
			buildConfigurationList = 041B0B3C1896A2200061A3E2 /* Build configuration list for PBXNativeTarget "QMA-AR" */;
			buildPhases = (
				041B0B061896A2200061A3E2 /* Sources */,
				041B0B071896A2200061A3E2 /* Frameworks */,
				041B0B081896A2200061A3E2 /* Resources */,
			);
			buildRules = (
			);
			dependencies = (
			);
			name = "QMA-AR";
			productName = "QMA-AR";
			productReference = 041B0B0A1896A2200061A3E2 /* QMA-AR.app */;
			productType = "com.apple.product-type.application";
		};
/* End PBXNativeTarget section */

/* Begin PBXProject section */
		041B0B021896A2200061A3E2 /* Project object */ = {
			isa = PBXProject;
			attributes = {
				CLASSPREFIX = QMA;
				LastUpgradeCheck = 0510;
				ORGANIZATIONNAME = GuideOne;
				TargetAttributes = {
					041B0B091896A2200061A3E2 = {
						DevelopmentTeam = 72N2MY3SW3;
					};
				};
			};
			buildConfigurationList = 041B0B051896A2200061A3E2 /* Build configuration list for PBXProject "QMA-AR" */;
			compatibilityVersion = "Xcode 3.2";
			developmentRegion = English;
			hasScannedForEncodings = 0;
			knownRegions = (
				en,
				Base,
			);
			mainGroup = 041B0B011896A2200061A3E2;
			productRefGroup = 041B0B0B1896A2200061A3E2 /* Products */;
			projectDirPath = "";
			projectRoot = "";
			targets = (
				041B0B091896A2200061A3E2 /* QMA-AR */,
			);
		};
/* End PBXProject section */

/* Begin PBXResourcesBuildPhase section */
		041B0B081896A2200061A3E2 /* Resources */ = {
			isa = PBXResourcesBuildPhase;
			buildActionMask = 2147483647;
			files = (
				251CC03D18E72B7C002FDA84 /* Assets in Resources */,
				2549B394194FD8780047F278 /* html in Resources */,
				041B0B261896A2200061A3E2 /* Images.xcassets in Resources */,
				2528280E192FAFBC00969CC6 /* DatabasePreLoadData.plist in Resources */,
				041B0B181896A2200061A3E2 /* InfoPlist.strings in Resources */,
				25229208193E307900928717 /* poi_audio_2.mp3 in Resources */,
				25229207193E307900928717 /* poi_audio_1.mp3 in Resources */,
				041B0B211896A2200061A3E2 /* Main_iPhone.storyboard in Resources */,
			);
			runOnlyForDeploymentPostprocessing = 0;
		};
/* End PBXResourcesBuildPhase section */

/* Begin PBXSourcesBuildPhase section */
		041B0B061896A2200061A3E2 /* Sources */ = {
			isa = PBXSourcesBuildPhase;
			buildActionMask = 2147483647;
			files = (
				25EEEDDE193F9A8F00F9727F /* QMAAboutVC.m in Sources */,
				250D9462192EA9630034BB78 /* QMAPoi+Create.m in Sources */,
				2551089F192E4B3E00208C35 /* QMAOnSiteVC.m in Sources */,
				25B85993193E925D00F201F1 /* UIImage+ImageEffects.m in Sources */,
				250AD0ED18D0FDA60072D718 /* QMACyclopsVC.mm in Sources */,
				250D945C192EA8D30034BB78 /* QMAPoi.m in Sources */,
				25D23F16193D585100A9BCD5 /* QMAPoiVC.m in Sources */,
				25B85982193E42C500F201F1 /* DACircularProgressView.m in Sources */,
				25EEEDD8193F593E00F9727F /* QMAGalleryItem+Create.m in Sources */,
				2576602419398CB7003CB15C /* QMAPoiDisplayVC.m in Sources */,
				25EEEDE61940F17300F9727F /* QMAMenuTBVC.m in Sources */,
				250D945F192EA9490034BB78 /* QMATarget+Create.m in Sources */,
				041B0B1A1896A2200061A3E2 /* main.m in Sources */,
				250D9470192EAF470034BB78 /* QMAPoiTBVC.m in Sources */,
				250D9459192EA8C00034BB78 /* QMATarget.m in Sources */,
				041B0B481896A7E70061A3E2 /* QMAWelcomeVC.m in Sources */,
				250D9465192EABCC0034BB78 /* SharedManagedDocument.m in Sources */,
				25766020193984F2003CB15C /* UIColor+QMARGB.m in Sources */,
				2576601C19398094003CB15C /* QMAPoiTableViewCell.m in Sources */,
				252C1A11195394E500F76849 /* QMAWebViewController.m in Sources */,
				25EEEDD5193F585200F9727F /* QMAGalleryItem.m in Sources */,
				250AD0E618D0F9FE0072D718 /* EAGLView.mm in Sources */,
				25EEEDDB193F955800F9727F /* QMAFactsVC.m in Sources */,
				250AD0EF18D0FDC60072D718 /* QMAAppDelegate.mm in Sources */,
				250AD0E718D0F9FE0072D718 /* MetaioSDKViewController.mm in Sources */,
				250D946D192EAE9F0034BB78 /* QMACoreDataTBVC.m in Sources */,
				251293FC192EA5A0002585A3 /* QMA.xcdatamodeld in Sources */,
				25EEEDCF193F4D4800F9727F /* QMAGalleryVC.m in Sources */,
			);
			runOnlyForDeploymentPostprocessing = 0;
		};
/* End PBXSourcesBuildPhase section */

/* Begin PBXVariantGroup section */
		041B0B161896A2200061A3E2 /* InfoPlist.strings */ = {
			isa = PBXVariantGroup;
			children = (
				041B0B171896A2200061A3E2 /* en */,
			);
			name = InfoPlist.strings;
			sourceTree = "<group>";
		};
		041B0B1F1896A2200061A3E2 /* Main_iPhone.storyboard */ = {
			isa = PBXVariantGroup;
			children = (
				041B0B201896A2200061A3E2 /* Base */,
			);
			name = Main_iPhone.storyboard;
			sourceTree = "<group>";
		};
/* End PBXVariantGroup section */

/* Begin XCBuildConfiguration section */
		041B0B3A1896A2200061A3E2 /* Debug */ = {
			isa = XCBuildConfiguration;
			buildSettings = {
				ALWAYS_SEARCH_USER_PATHS = NO;
				ARCHS = (
					armv7,
					armv7s,
				);
				CLANG_CXX_LANGUAGE_STANDARD = "compiler-default";
				CLANG_CXX_LIBRARY = "compiler-default";
				CLANG_ENABLE_MODULES = YES;
				CLANG_ENABLE_OBJC_ARC = YES;
				CLANG_WARN_BOOL_CONVERSION = YES;
				CLANG_WARN_CONSTANT_CONVERSION = YES;
				CLANG_WARN_DIRECT_OBJC_ISA_USAGE = YES_ERROR;
				CLANG_WARN_EMPTY_BODY = YES;
				CLANG_WARN_ENUM_CONVERSION = YES;
				CLANG_WARN_INT_CONVERSION = YES;
				CLANG_WARN_OBJC_ROOT_CLASS = YES_ERROR;
				CLANG_WARN__DUPLICATE_METHOD_MATCH = YES;
				"CODE_SIGN_IDENTITY[sdk=iphoneos*]" = "iPhone Developer";
				COPY_PHASE_STRIP = NO;
				FRAMEWORK_SEARCH_PATHS = "$(SRCROOT)";
				GCC_C_LANGUAGE_STANDARD = "compiler-default";
				GCC_DYNAMIC_NO_PIC = NO;
				GCC_OPTIMIZATION_LEVEL = 0;
				GCC_PREPROCESSOR_DEFINITIONS = (
					"DEBUG=1",
					"$(inherited)",
				);
				GCC_SYMBOLS_PRIVATE_EXTERN = NO;
				GCC_WARN_64_TO_32_BIT_CONVERSION = YES;
				GCC_WARN_ABOUT_RETURN_TYPE = YES_ERROR;
				GCC_WARN_UNDECLARED_SELECTOR = YES;
				GCC_WARN_UNINITIALIZED_AUTOS = YES;
				GCC_WARN_UNUSED_FUNCTION = YES;
				GCC_WARN_UNUSED_VARIABLE = YES;
				IPHONEOS_DEPLOYMENT_TARGET = 7.0;
				ONLY_ACTIVE_ARCH = YES;
				SDKROOT = iphoneos;
				VALID_ARCHS = "armv7 armv7s arm64";
			};
			name = Debug;
		};
		041B0B3B1896A2200061A3E2 /* Release */ = {
			isa = XCBuildConfiguration;
			buildSettings = {
				ALWAYS_SEARCH_USER_PATHS = NO;
				ARCHS = (
					armv7,
					armv7s,
				);
				CLANG_CXX_LANGUAGE_STANDARD = "compiler-default";
				CLANG_CXX_LIBRARY = "compiler-default";
				CLANG_ENABLE_MODULES = YES;
				CLANG_ENABLE_OBJC_ARC = YES;
				CLANG_WARN_BOOL_CONVERSION = YES;
				CLANG_WARN_CONSTANT_CONVERSION = YES;
				CLANG_WARN_DIRECT_OBJC_ISA_USAGE = YES_ERROR;
				CLANG_WARN_EMPTY_BODY = YES;
				CLANG_WARN_ENUM_CONVERSION = YES;
				CLANG_WARN_INT_CONVERSION = YES;
				CLANG_WARN_OBJC_ROOT_CLASS = YES_ERROR;
				CLANG_WARN__DUPLICATE_METHOD_MATCH = YES;
				"CODE_SIGN_IDENTITY[sdk=iphoneos*]" = "iPhone Developer";
				COPY_PHASE_STRIP = YES;
				ENABLE_NS_ASSERTIONS = NO;
				FRAMEWORK_SEARCH_PATHS = "$(SRCROOT)";
				GCC_C_LANGUAGE_STANDARD = "compiler-default";
				GCC_WARN_64_TO_32_BIT_CONVERSION = YES;
				GCC_WARN_ABOUT_RETURN_TYPE = YES_ERROR;
				GCC_WARN_UNDECLARED_SELECTOR = YES;
				GCC_WARN_UNINITIALIZED_AUTOS = YES;
				GCC_WARN_UNUSED_FUNCTION = YES;
				GCC_WARN_UNUSED_VARIABLE = YES;
				IPHONEOS_DEPLOYMENT_TARGET = 7.0;
				SDKROOT = iphoneos;
				VALIDATE_PRODUCT = YES;
				VALID_ARCHS = "armv7 armv7s arm64";
			};
			name = Release;
		};
		041B0B3D1896A2200061A3E2 /* Debug */ = {
			isa = XCBuildConfiguration;
			buildSettings = {
				ASSETCATALOG_COMPILER_APPICON_NAME = AppIcon;
				ASSETCATALOG_COMPILER_LAUNCHIMAGE_NAME = LaunchImage;
				CODE_SIGN_IDENTITY = "iPhone Developer: MergeSort DeLima (95GDP2D5WC)";
				FRAMEWORK_SEARCH_PATHS = (
					"$(inherited)",
					"$(SRCROOT)",
				);
				GCC_PRECOMPILE_PREFIX_HEADER = YES;
				GCC_PREFIX_HEADER = "QMA-AR/QMA-AR-Prefix.pch";
				INFOPLIST_FILE = "QMA-AR/QMA-AR-Info.plist";
				IPHONEOS_DEPLOYMENT_TARGET = 6.1;
				PRODUCT_NAME = "$(TARGET_NAME)";
				VALID_ARCHS = "armv7 armv7s arm64";
				WRAPPER_EXTENSION = app;
			};
			name = Debug;
		};
		041B0B3E1896A2200061A3E2 /* Release */ = {
			isa = XCBuildConfiguration;
			buildSettings = {
				ASSETCATALOG_COMPILER_APPICON_NAME = AppIcon;
				ASSETCATALOG_COMPILER_LAUNCHIMAGE_NAME = LaunchImage;
				CODE_SIGN_IDENTITY = "iPhone Developer: MergeSort DeLima (95GDP2D5WC)";
				FRAMEWORK_SEARCH_PATHS = (
					"$(inherited)",
					"$(SRCROOT)",
				);
				GCC_PRECOMPILE_PREFIX_HEADER = YES;
				GCC_PREFIX_HEADER = "QMA-AR/QMA-AR-Prefix.pch";
				INFOPLIST_FILE = "QMA-AR/QMA-AR-Info.plist";
				IPHONEOS_DEPLOYMENT_TARGET = 6.1;
				PRODUCT_NAME = "$(TARGET_NAME)";
				VALID_ARCHS = "armv7 armv7s arm64";
				WRAPPER_EXTENSION = app;
			};
			name = Release;
		};
/* End XCBuildConfiguration section */

/* Begin XCConfigurationList section */
		041B0B051896A2200061A3E2 /* Build configuration list for PBXProject "QMA-AR" */ = {
			isa = XCConfigurationList;
			buildConfigurations = (
				041B0B3A1896A2200061A3E2 /* Debug */,
				041B0B3B1896A2200061A3E2 /* Release */,
			);
			defaultConfigurationIsVisible = 0;
			defaultConfigurationName = Release;
		};
		041B0B3C1896A2200061A3E2 /* Build configuration list for PBXNativeTarget "QMA-AR" */ = {
			isa = XCConfigurationList;
			buildConfigurations = (
				041B0B3D1896A2200061A3E2 /* Debug */,
				041B0B3E1896A2200061A3E2 /* Release */,
			);
			defaultConfigurationIsVisible = 0;
			defaultConfigurationName = Release;
		};
/* End XCConfigurationList section */

/* Begin XCVersionGroup section */
		251293FA192EA5A0002585A3 /* QMA.xcdatamodeld */ = {
			isa = XCVersionGroup;
			children = (
				251293FB192EA5A0002585A3 /* QMA.xcdatamodel */,
			);
			currentVersion = 251293FB192EA5A0002585A3 /* QMA.xcdatamodel */;
			path = QMA.xcdatamodeld;
			sourceTree = "<group>";
			versionGroupType = wrapper.xcdatamodel;
		};
/* End XCVersionGroup section */
	};
	rootObject = 041B0B021896A2200061A3E2 /* Project object */;
}
